
Microsoft Visual Studio Solution File, Format Version 12.00
# Visual Studio Version 17
VisualStudioVersion = 17.14.36429.23
MinimumVisualStudioVersion = 10.0.40219.1
Project("{2150E333-8FDC-42A3-9474-1A3956D46DE8}") = "Task2", "Task2", "{02EA681E-C7D8-13C7-8484-4AC65E1B71E8}"
EndProject
Project("{FAE04EC0-301F-11D3-BF4B-00C04F79EFBC}") = "Tyuiu.MoskalevegorEA.Sprint0.Task2.V0", "Tyuiu.MoskalevegorEA.Sprint0.Task2.V0\Tyuiu.MoskalevegorEA.Sprint0.Task2.V0.csproj", "{90BF30A3-235D-4C13-9B0A-348773D9FB5D}"
EndProject
Project("{FAE04EC0-301F-11D3-BF4B-00C04F79EFBC}") = "Tyuiu.MoskalevEA.Sprint0.Task2.V0.Lib", "Tyuiu.MoskalevEA.Sprint0.Task2.V0.Lib\Tyuiu.MoskalevEA.Sprint0.Task2.V0.Lib.csproj", "{DB2D7D30-1ED0-402A-947A-8B59A938C5DE}"
EndProject
Project("{FAE04EC0-301F-11D3-BF4B-00C04F79EFBC}") = "Tyuiu.MoskalevEA.Sprint0.Task2.V0.Test", "Tyuiu.MoskalevEA.Sprint0.Task2.V0.Test\Tyuiu.MoskalevEA.Sprint0.Task2.V0.Test.csproj", "{9AE968E8-543D-4690-A2D2-EAA35C006645}"
EndProject
Project("{2150E333-8FDC-42A3-9474-1A3956D46DE8}") = "Task3", "Task3", "{6D553D83-C162-4BA5-8575-BA00390DEEEB}"
EndProject
Project("{FAE04EC0-301F-11D3-BF4B-00C04F79EFBC}") = "Tyuiu.MoskalevEA.Sprint0.Task3.V0", "Tyuiu.MoskalevEA.Sprint0.Task3.V0\Tyuiu.MoskalevEA.Sprint0.Task3.V0.csproj", "{C722ED7F-2553-48F0-B83C-B454E97E459C}"
EndProject
Project("{FAE04EC0-301F-11D3-BF4B-00C04F79EFBC}") = "Tyuiu.MoskalevEA.Sprint0.Task3.V0.Test", "Tyuiu.MoskalevEA.Sprint0.Task3.V0.Test\Tyuiu.MoskalevEA.Sprint0.Task3.V0.Test.csproj", "{6F4A76A8-E7B7-4878-B5D5-1DD90F0726CF}"
EndProject
Project("{FAE04EC0-301F-11D3-BF4B-00C04F79EFBC}") = "Tyuiu.MoskalevEA.Sprint0.Task3.V0.Lib", "Tyuiu.MoskalevEA.Sprint0.Task3.V0.Lib\Tyuiu.MoskalevEA.Sprint0.Task3.V0.Lib.csproj", "{6D07D384-BAE9-43F0-9077-F39626C15674}"
EndProject
Project("{2150E333-8FDC-42A3-9474-1A3956D46DE8}") = "Task4", "Task4", "{293CFB6C-0B9F-4F53-A145-55283ACBBDB4}"
EndProject
Project("{FAE04EC0-301F-11D3-BF4B-00C04F79EFBC}") = "Tyuiu.MoskalevEA.Sprint0.Task4.V0.Lib", "Tyuiu.MoskalevEA.Sprint0.Task4.V0.Lib\Tyuiu.MoskalevEA.Sprint0.Task4.V0.Lib.csproj", "{FADBBD32-4769-404F-A441-78586FE421AB}"
EndProject
Project("{FAE04EC0-301F-11D3-BF4B-00C04F79EFBC}") = "Tyuiu.MoskalevEA.Sprint0.Task4.V0.Test", "Tyuiu.MoskalevEA.Sprint0.Task4.V0.Test\Tyuiu.MoskalevEA.Sprint0.Task4.V0.Test.csproj", "{A69C4102-30BE-46DA-AA7E-A48FDA5C8262}"
EndProject
Project("{FAE04EC0-301F-11D3-BF4B-00C04F79EFBC}") = "Tyuiu.MoskalevEA.Sprint0.Task4.V0", "Tyuiu.MoskalevEA.Sprint0.Task4.V0\Tyuiu.MoskalevEA.Sprint0.Task4.V0.csproj", "{90D2E5AE-79DF-4E8B-B9DB-82BE36942C2F}"
EndProject
Project("{2150E333-8FDC-42A3-9474-1A3956D46DE8}") = "Task5", "Task5", "{B525A565-A0EE-412C-8360-FEC609B401CF}"
EndProject
Project("{FAE04EC0-301F-11D3-BF4B-00C04F79EFBC}") = "Tyuiu.SpirinIS.Sprint0.Task5.V0", "Tyuiu.SpirinIS.Sprint0.Task5.V0\Tyuiu.SpirinIS.Sprint0.Task5.V0.csproj", "{55AA83F2-A398-48D3-9523-2665CE5457E8}"
EndProject
Project("{FAE04EC0-301F-11D3-BF4B-00C04F79EFBC}") = "Tyuiu.SpirinIS.Sprint0.Task5.V0.Test", "Tyuiu.SpirinIS.Sprint0.Task5.V0.Test\Tyuiu.SpirinIS.Sprint0.Task5.V0.Test.csproj", "{0F3E20BE-CA73-4ED4-9AB1-6AF4E13DF28C}"
EndProject
Project("{FAE04EC0-301F-11D3-BF4B-00C04F79EFBC}") = "Tyuiu.SpirinIS.Sprint0.Task5.V0Lib", "Tyuiu.SpirinIS.Sprint0.Task5.V0Lib\Tyuiu.SpirinIS.Sprint0.Task5.V0Lib.csproj", "{8EE46647-B53F-404A-83F0-C5C66AF8972C}"
EndProject
Project("{2150E333-8FDC-42A3-9474-1A3956D46DE8}") = "Task6", "Task6", "{B8A175A3-24A7-4FF2-9A25-8CB03A40DC8A}"
EndProject
Project("{FAE04EC0-301F-11D3-BF4B-00C04F79EFBC}") = "Tyuiu.SpirinIS.Sprint0.Task6.V0", "Tyuiu.SpirinIS.Sprint0.Task6.V0\Tyuiu.SpirinIS.Sprint0.Task6.V0.csproj", "{772D4C34-C6E0-4BC7-8CB7-BC837F69F1F7}"
EndProject
Project("{FAE04EC0-301F-11D3-BF4B-00C04F79EFBC}") = "Tyuiu.SpirinIS.Sprint0.Task6.V0.Test", "Tyuiu.SpirinIS.Sprint0.Task6.V0.Test\Tyuiu.SpirinIS.Sprint0.Task6.V0.Test.csproj", "{7D0B991E-D2F1-4174-81DE-3CEF4C78BB60}"
EndProject
Project("{FAE04EC0-301F-11D3-BF4B-00C04F79EFBC}") = "Tyuiu.SpirinIS.Sprint0.Task6.V0.Lib", "Tyuiu.SpirinIS.Sprint0.Task6.V0.Lib\Tyuiu.SpirinIS.Sprint0.Task6.V0.Lib.csproj", "{0C59C969-EC35-4E94-8573-3BB4792B6FAC}"
EndProject
Project("{2150E333-8FDC-42A3-9474-1A3956D46DE8}") = "Task7", "Task7", "{EF78BBAC-4FCC-4137-B0C3-B987194F5246}"
EndProject
Project("{FAE04EC0-301F-11D3-BF4B-00C04F79EFBC}") = "Tyuiu.SpirinIS.Sprint0.Task7.V0", "Tyuiu.SpirinIS.Sprint0.Task7.V0\Tyuiu.SpirinIS.Sprint0.Task7.V0.csproj", "{5BFEB571-51C9-413F-85F9-35C94536062E}"
EndProject
Project("{FAE04EC0-301F-11D3-BF4B-00C04F79EFBC}") = "Tyuiu.SpirinIS.Sprint0.Task7.V0Test", "Tyuiu.SpirinIS.Sprint0.Task7.V0Test\Tyuiu.SpirinIS.Sprint0.Task7.V0Test.csproj", "{B95348FA-9C9C-449C-98DC-91E71C76CDDB}"
EndProject
Project("{FAE04EC0-301F-11D3-BF4B-00C04F79EFBC}") = "Tyuiu.SpirinIS.Sprint0.Task7.V0Lib", "Tyuiu.SpirinIS.Sprint0.Task7.V0Lib\Tyuiu.SpirinIS.Sprint0.Task7.V0Lib.csproj", "{94098DB3-3637-45C5-8FCA-96A1E8A20BFA}"
EndProject
Global
	GlobalSection(SolutionConfigurationPlatforms) = preSolution
		Debug|Any CPU = Debug|Any CPU
		Release|Any CPU = Release|Any CPU
	EndGlobalSection
	GlobalSection(ProjectConfigurationPlatforms) = postSolution
		{90BF30A3-235D-4C13-9B0A-348773D9FB5D}.Debug|Any CPU.ActiveCfg = Debug|Any CPU
		{90BF30A3-235D-4C13-9B0A-348773D9FB5D}.Debug|Any CPU.Build.0 = Debug|Any CPU
		{90BF30A3-235D-4C13-9B0A-348773D9FB5D}.Release|Any CPU.ActiveCfg = Release|Any CPU
		{90BF30A3-235D-4C13-9B0A-348773D9FB5D}.Release|Any CPU.Build.0 = Release|Any CPU
		{DB2D7D30-1ED0-402A-947A-8B59A938C5DE}.Debug|Any CPU.ActiveCfg = Debug|Any CPU
		{DB2D7D30-1ED0-402A-947A-8B59A938C5DE}.Debug|Any CPU.Build.0 = Debug|Any CPU
		{DB2D7D30-1ED0-402A-947A-8B59A938C5DE}.Release|Any CPU.ActiveCfg = Release|Any CPU
		{DB2D7D30-1ED0-402A-947A-8B59A938C5DE}.Release|Any CPU.Build.0 = Release|Any CPU
		{9AE968E8-543D-4690-A2D2-EAA35C006645}.Debug|Any CPU.ActiveCfg = Debug|Any CPU
		{9AE968E8-543D-4690-A2D2-EAA35C006645}.Debug|Any CPU.Build.0 = Debug|Any CPU
		{9AE968E8-543D-4690-A2D2-EAA35C006645}.Release|Any CPU.ActiveCfg = Release|Any CPU
		{9AE968E8-543D-4690-A2D2-EAA35C006645}.Release|Any CPU.Build.0 = Release|Any CPU
		{C722ED7F-2553-48F0-B83C-B454E97E459C}.Debug|Any CPU.ActiveCfg = Debug|Any CPU
		{C722ED7F-2553-48F0-B83C-B454E97E459C}.Debug|Any CPU.Build.0 = Debug|Any CPU
		{C722ED7F-2553-48F0-B83C-B454E97E459C}.Release|Any CPU.ActiveCfg = Release|Any CPU
		{C722ED7F-2553-48F0-B83C-B454E97E459C}.Release|Any CPU.Build.0 = Release|Any CPU
		{6F4A76A8-E7B7-4878-B5D5-1DD90F0726CF}.Debug|Any CPU.ActiveCfg = Debug|Any CPU
		{6F4A76A8-E7B7-4878-B5D5-1DD90F0726CF}.Debug|Any CPU.Build.0 = Debug|Any CPU
		{6F4A76A8-E7B7-4878-B5D5-1DD90F0726CF}.Release|Any CPU.ActiveCfg = Release|Any CPU
		{6F4A76A8-E7B7-4878-B5D5-1DD90F0726CF}.Release|Any CPU.Build.0 = Release|Any CPU
		{6D07D384-BAE9-43F0-9077-F39626C15674}.Debug|Any CPU.ActiveCfg = Debug|Any CPU
		{6D07D384-BAE9-43F0-9077-F39626C15674}.Debug|Any CPU.Build.0 = Debug|Any CPU
		{6D07D384-BAE9-43F0-9077-F39626C15674}.Release|Any CPU.ActiveCfg = Release|Any CPU
		{6D07D384-BAE9-43F0-9077-F39626C15674}.Release|Any CPU.Build.0 = Release|Any CPU
		{FADBBD32-4769-404F-A441-78586FE421AB}.Debug|Any CPU.ActiveCfg = Debug|Any CPU
		{FADBBD32-4769-404F-A441-78586FE421AB}.Debug|Any CPU.Build.0 = Debug|Any CPU
		{FADBBD32-4769-404F-A441-78586FE421AB}.Release|Any CPU.ActiveCfg = Release|Any CPU
		{FADBBD32-4769-404F-A441-78586FE421AB}.Release|Any CPU.Build.0 = Release|Any CPU
		{A69C4102-30BE-46DA-AA7E-A48FDA5C8262}.Debug|Any CPU.ActiveCfg = Debug|Any CPU
		{A69C4102-30BE-46DA-AA7E-A48FDA5C8262}.Debug|Any CPU.Build.0 = Debug|Any CPU
		{A69C4102-30BE-46DA-AA7E-A48FDA5C8262}.Release|Any CPU.ActiveCfg = Release|Any CPU
		{A69C4102-30BE-46DA-AA7E-A48FDA5C8262}.Release|Any CPU.Build.0 = Release|Any CPU
		{90D2E5AE-79DF-4E8B-B9DB-82BE36942C2F}.Debug|Any CPU.ActiveCfg = Debug|Any CPU
		{90D2E5AE-79DF-4E8B-B9DB-82BE36942C2F}.Debug|Any CPU.Build.0 = Debug|Any CPU
		{90D2E5AE-79DF-4E8B-B9DB-82BE36942C2F}.Release|Any CPU.ActiveCfg = Release|Any CPU
		{90D2E5AE-79DF-4E8B-B9DB-82BE36942C2F}.Release|Any CPU.Build.0 = Release|Any CPU
		{55AA83F2-A398-48D3-9523-2665CE5457E8}.Debug|Any CPU.ActiveCfg = Debug|Any CPU
		{55AA83F2-A398-48D3-9523-2665CE5457E8}.Debug|Any CPU.Build.0 = Debug|Any CPU
		{55AA83F2-A398-48D3-9523-2665CE5457E8}.Release|Any CPU.ActiveCfg = Release|Any CPU
		{55AA83F2-A398-48D3-9523-2665CE5457E8}.Release|Any CPU.Build.0 = Release|Any CPU
		{0F3E20BE-CA73-4ED4-9AB1-6AF4E13DF28C}.Debug|Any CPU.ActiveCfg = Debug|Any CPU
		{0F3E20BE-CA73-4ED4-9AB1-6AF4E13DF28C}.Debug|Any CPU.Build.0 = Debug|Any CPU
		{0F3E20BE-CA73-4ED4-9AB1-6AF4E13DF28C}.Release|Any CPU.ActiveCfg = Release|Any CPU
		{0F3E20BE-CA73-4ED4-9AB1-6AF4E13DF28C}.Release|Any CPU.Build.0 = Release|Any CPU
		{8EE46647-B53F-404A-83F0-C5C66AF8972C}.Debug|Any CPU.ActiveCfg = Debug|Any CPU
		{8EE46647-B53F-404A-83F0-C5C66AF8972C}.Debug|Any CPU.Build.0 = Debug|Any CPU
		{8EE46647-B53F-404A-83F0-C5C66AF8972C}.Release|Any CPU.ActiveCfg = Release|Any CPU
		{8EE46647-B53F-404A-83F0-C5C66AF8972C}.Release|Any CPU.Build.0 = Release|Any CPU
		{772D4C34-C6E0-4BC7-8CB7-BC837F69F1F7}.Debug|Any CPU.ActiveCfg = Debug|Any CPU
		{772D4C34-C6E0-4BC7-8CB7-BC837F69F1F7}.Debug|Any CPU.Build.0 = Debug|Any CPU
		{772D4C34-C6E0-4BC7-8CB7-BC837F69F1F7}.Release|Any CPU.ActiveCfg = Release|Any CPU
		{772D4C34-C6E0-4BC7-8CB7-BC837F69F1F7}.Release|Any CPU.Build.0 = Release|Any CPU
		{7D0B991E-D2F1-4174-81DE-3CEF4C78BB60}.Debug|Any CPU.ActiveCfg = Debug|Any CPU
		{7D0B991E-D2F1-4174-81DE-3CEF4C78BB60}.Debug|Any CPU.Build.0 = Debug|Any CPU
		{7D0B991E-D2F1-4174-81DE-3CEF4C78BB60}.Release|Any CPU.ActiveCfg = Release|Any CPU
		{7D0B991E-D2F1-4174-81DE-3CEF4C78BB60}.Release|Any CPU.Build.0 = Release|Any CPU
		{0C59C969-EC35-4E94-8573-3BB4792B6FAC}.Debug|Any CPU.ActiveCfg = Debug|Any CPU
		{0C59C969-EC35-4E94-8573-3BB4792B6FAC}.Debug|Any CPU.Build.0 = Debug|Any CPU
		{0C59C969-EC35-4E94-8573-3BB4792B6FAC}.Release|Any CPU.ActiveCfg = Release|Any CPU
		{0C59C969-EC35-4E94-8573-3BB4792B6FAC}.Release|Any CPU.Build.0 = Release|Any CPU
		{5BFEB571-51C9-413F-85F9-35C94536062E}.Debug|Any CPU.ActiveCfg = Debug|Any CPU
		{5BFEB571-51C9-413F-85F9-35C94536062E}.Debug|Any CPU.Build.0 = Debug|Any CPU
		{5BFEB571-51C9-413F-85F9-35C94536062E}.Release|Any CPU.ActiveCfg = Release|Any CPU
		{5BFEB571-51C9-413F-85F9-35C94536062E}.Release|Any CPU.Build.0 = Release|Any CPU
		{B95348FA-9C9C-449C-98DC-91E71C76CDDB}.Debug|Any CPU.ActiveCfg = Debug|Any CPU
		{B95348FA-9C9C-449C-98DC-91E71C76CDDB}.Debug|Any CPU.Build.0 = Debug|Any CPU
		{B95348FA-9C9C-449C-98DC-91E71C76CDDB}.Release|Any CPU.ActiveCfg = Release|Any CPU
		{B95348FA-9C9C-449C-98DC-91E71C76CDDB}.Release|Any CPU.Build.0 = Release|Any CPU
		{94098DB3-3637-45C5-8FCA-96A1E8A20BFA}.Debug|Any CPU.ActiveCfg = Debug|Any CPU
		{94098DB3-3637-45C5-8FCA-96A1E8A20BFA}.Debug|Any CPU.Build.0 = Debug|Any CPU
		{94098DB3-3637-45C5-8FCA-96A1E8A20BFA}.Release|Any CPU.ActiveCfg = Release|Any CPU
		{94098DB3-3637-45C5-8FCA-96A1E8A20BFA}.Release|Any CPU.Build.0 = Release|Any CPU
	EndGlobalSection
	GlobalSection(SolutionProperties) = preSolution
		HideSolutionNode = FALSE
	EndGlobalSection
	GlobalSection(NestedProjects) = preSolution
		{90BF30A3-235D-4C13-9B0A-348773D9FB5D} = {02EA681E-C7D8-13C7-8484-4AC65E1B71E8}
		{DB2D7D30-1ED0-402A-947A-8B59A938C5DE} = {02EA681E-C7D8-13C7-8484-4AC65E1B71E8}
		{9AE968E8-543D-4690-A2D2-EAA35C006645} = {02EA681E-C7D8-13C7-8484-4AC65E1B71E8}
		{C722ED7F-2553-48F0-B83C-B454E97E459C} = {6D553D83-C162-4BA5-8575-BA00390DEEEB}
		{6F4A76A8-E7B7-4878-B5D5-1DD90F0726CF} = {6D553D83-C162-4BA5-8575-BA00390DEEEB}
		{6D07D384-BAE9-43F0-9077-F39626C15674} = {6D553D83-C162-4BA5-8575-BA00390DEEEB}
		{FADBBD32-4769-404F-A441-78586FE421AB} = {293CFB6C-0B9F-4F53-A145-55283ACBBDB4}
		{A69C4102-30BE-46DA-AA7E-A48FDA5C8262} = {293CFB6C-0B9F-4F53-A145-55283ACBBDB4}
		{90D2E5AE-79DF-4E8B-B9DB-82BE36942C2F} = {293CFB6C-0B9F-4F53-A145-55283ACBBDB4}
		{55AA83F2-A398-48D3-9523-2665CE5457E8} = {B525A565-A0EE-412C-8360-FEC609B401CF}
		{0F3E20BE-CA73-4ED4-9AB1-6AF4E13DF28C} = {B525A565-A0EE-412C-8360-FEC609B401CF}
		{8EE46647-B53F-404A-83F0-C5C66AF8972C} = {B525A565-A0EE-412C-8360-FEC609B401CF}
		{772D4C34-C6E0-4BC7-8CB7-BC837F69F1F7} = {B8A175A3-24A7-4FF2-9A25-8CB03A40DC8A}
		{7D0B991E-D2F1-4174-81DE-3CEF4C78BB60} = {B8A175A3-24A7-4FF2-9A25-8CB03A40DC8A}
		{0C59C969-EC35-4E94-8573-3BB4792B6FAC} = {B8A175A3-24A7-4FF2-9A25-8CB03A40DC8A}
		{5BFEB571-51C9-413F-85F9-35C94536062E} = {EF78BBAC-4FCC-4137-B0C3-B987194F5246}
		{B95348FA-9C9C-449C-98DC-91E71C76CDDB} = {EF78BBAC-4FCC-4137-B0C3-B987194F5246}
		{94098DB3-3637-45C5-8FCA-96A1E8A20BFA} = {EF78BBAC-4FCC-4137-B0C3-B987194F5246}
	EndGlobalSection
	GlobalSection(ExtensibilityGlobals) = postSolution
		SolutionGuid = {AFB04DEB-F289-4319-B9A7-B4ECA180D3FA}
	EndGlobalSection
EndGlobal
