
Microsoft Visual Studio Solution File, Format Version 12.00
# Visual Studio Version 17
VisualStudioVersion = 17.14.36429.23
MinimumVisualStudioVersion = 10.0.40219.1
Project("{2150E333-8FDC-42A3-9474-1A3956D46DE8}") = "Task2", "Task2", "{02EA681E-C7D8-13C7-8484-4AC65E1B71E8}"
EndProject
Project("{FAE04EC0-301F-11D3-BF4B-00C04F79EFBC}") = "Tyuiu.MoskalevegorEA.Sprint0.Task2.V0", "Tyuiu.MoskalevegorEA.Sprint0.Task2.V0\Tyuiu.MoskalevegorEA.Sprint0.Task2.V0.csproj", "{90BF30A3-235D-4C13-9B0A-348773D9FB5D}"
EndProject
Project("{FAE04EC0-301F-11D3-BF4B-00C04F79EFBC}") = "Tyuiu.MoskalevEA.Sprint0.Task2.V0.Lib", "Tyuiu.MoskalevEA.Sprint0.Task2.V0.Lib\Tyuiu.MoskalevEA.Sprint0.Task2.V0.Lib.csproj", "{DB2D7D30-1ED0-402A-947A-8B59A938C5DE}"
EndProject
Project("{FAE04EC0-301F-11D3-BF4B-00C04F79EFBC}") = "Tyuiu.MoskalevEA.Sprint0.Task2.V0.Test", "Tyuiu.MoskalevEA.Sprint0.Task2.V0.Test\Tyuiu.MoskalevEA.Sprint0.Task2.V0.Test.csproj", "{9AE968E8-543D-4690-A2D2-EAA35C006645}"
EndProject
Project("{2150E333-8FDC-42A3-9474-1A3956D46DE8}") = "Task3", "Task3", "{6D553D83-C162-4BA5-8575-BA00390DEEEB}"
EndProject
Project("{FAE04EC0-301F-11D3-BF4B-00C04F79EFBC}") = "Tyuiu.MoskalevEA.Sprint0.Task3.V0", "Tyuiu.MoskalevEA.Sprint0.Task3.V0\Tyuiu.MoskalevEA.Sprint0.Task3.V0.csproj", "{C722ED7F-2553-48F0-B83C-B454E97E459C}"
EndProject
Project("{FAE04EC0-301F-11D3-BF4B-00C04F79EFBC}") = "Tyuiu.MoskalevEA.Sprint0.Task3.V0.Test", "Tyuiu.MoskalevEA.Sprint0.Task3.V0.Test\Tyuiu.MoskalevEA.Sprint0.Task3.V0.Test.csproj", "{6F4A76A8-E7B7-4878-B5D5-1DD90F0726CF}"
EndProject
Project("{FAE04EC0-301F-11D3-BF4B-00C04F79EFBC}") = "Tyuiu.MoskalevEA.Sprint0.Task3.V0.Lib", "Tyuiu.MoskalevEA.Sprint0.Task3.V0.Lib\Tyuiu.MoskalevEA.Sprint0.Task3.V0.Lib.csproj", "{6D07D384-BAE9-43F0-9077-F39626C15674}"
EndProject
Global
	GlobalSection(SolutionConfigurationPlatforms) = preSolution
		Debug|Any CPU = Debug|Any CPU
		Release|Any CPU = Release|Any CPU
	EndGlobalSection
	GlobalSection(ProjectConfigurationPlatforms) = postSolution
		{90BF30A3-235D-4C13-9B0A-348773D9FB5D}.Debug|Any CPU.ActiveCfg = Debug|Any CPU
		{90BF30A3-235D-4C13-9B0A-348773D9FB5D}.Debug|Any CPU.Build.0 = Debug|Any CPU
		{90BF30A3-235D-4C13-9B0A-348773D9FB5D}.Release|Any CPU.ActiveCfg = Release|Any CPU
		{90BF30A3-235D-4C13-9B0A-348773D9FB5D}.Release|Any CPU.Build.0 = Release|Any CPU
		{DB2D7D30-1ED0-402A-947A-8B59A938C5DE}.Debug|Any CPU.ActiveCfg = Debug|Any CPU
		{DB2D7D30-1ED0-402A-947A-8B59A938C5DE}.Debug|Any CPU.Build.0 = Debug|Any CPU
		{DB2D7D30-1ED0-402A-947A-8B59A938C5DE}.Release|Any CPU.ActiveCfg = Release|Any CPU
		{DB2D7D30-1ED0-402A-947A-8B59A938C5DE}.Release|Any CPU.Build.0 = Release|Any CPU
		{9AE968E8-543D-4690-A2D2-EAA35C006645}.Debug|Any CPU.ActiveCfg = Debug|Any CPU
		{9AE968E8-543D-4690-A2D2-EAA35C006645}.Debug|Any CPU.Build.0 = Debug|Any CPU
		{9AE968E8-543D-4690-A2D2-EAA35C006645}.Release|Any CPU.ActiveCfg = Release|Any CPU
		{9AE968E8-543D-4690-A2D2-EAA35C006645}.Release|Any CPU.Build.0 = Release|Any CPU
		{C722ED7F-2553-48F0-B83C-B454E97E459C}.Debug|Any CPU.ActiveCfg = Debug|Any CPU
		{C722ED7F-2553-48F0-B83C-B454E97E459C}.Debug|Any CPU.Build.0 = Debug|Any CPU
		{C722ED7F-2553-48F0-B83C-B454E97E459C}.Release|Any CPU.ActiveCfg = Release|Any CPU
		{C722ED7F-2553-48F0-B83C-B454E97E459C}.Release|Any CPU.Build.0 = Release|Any CPU
		{6F4A76A8-E7B7-4878-B5D5-1DD90F0726CF}.Debug|Any CPU.ActiveCfg = Debug|Any CPU
		{6F4A76A8-E7B7-4878-B5D5-1DD90F0726CF}.Debug|Any CPU.Build.0 = Debug|Any CPU
		{6F4A76A8-E7B7-4878-B5D5-1DD90F0726CF}.Release|Any CPU.ActiveCfg = Release|Any CPU
		{6F4A76A8-E7B7-4878-B5D5-1DD90F0726CF}.Release|Any CPU.Build.0 = Release|Any CPU
		{6D07D384-BAE9-43F0-9077-F39626C15674}.Debug|Any CPU.ActiveCfg = Debug|Any CPU
		{6D07D384-BAE9-43F0-9077-F39626C15674}.Debug|Any CPU.Build.0 = Debug|Any CPU
		{6D07D384-BAE9-43F0-9077-F39626C15674}.Release|Any CPU.ActiveCfg = Release|Any CPU
		{6D07D384-BAE9-43F0-9077-F39626C15674}.Release|Any CPU.Build.0 = Release|Any CPU
	EndGlobalSection
	GlobalSection(SolutionProperties) = preSolution
		HideSolutionNode = FALSE
	EndGlobalSection
	GlobalSection(NestedProjects) = preSolution
		{90BF30A3-235D-4C13-9B0A-348773D9FB5D} = {02EA681E-C7D8-13C7-8484-4AC65E1B71E8}
		{DB2D7D30-1ED0-402A-947A-8B59A938C5DE} = {02EA681E-C7D8-13C7-8484-4AC65E1B71E8}
		{9AE968E8-543D-4690-A2D2-EAA35C006645} = {02EA681E-C7D8-13C7-8484-4AC65E1B71E8}
		{C722ED7F-2553-48F0-B83C-B454E97E459C} = {6D553D83-C162-4BA5-8575-BA00390DEEEB}
		{6F4A76A8-E7B7-4878-B5D5-1DD90F0726CF} = {6D553D83-C162-4BA5-8575-BA00390DEEEB}
		{6D07D384-BAE9-43F0-9077-F39626C15674} = {6D553D83-C162-4BA5-8575-BA00390DEEEB}
	EndGlobalSection
	GlobalSection(ExtensibilityGlobals) = postSolution
		SolutionGuid = {AFB04DEB-F289-4319-B9A7-B4ECA180D3FA}
	EndGlobalSection
EndGlobal
